
Microsoft Visual Studio Solution File, Format Version 12.00
# Visual Studio Version 17
VisualStudioVersion = 17.9.34728.123
MinimumVisualStudioVersion = 10.0.40219.1
Project("{FAE04EC0-301F-11D3-BF4B-00C04F79EFBC}") = "Cliente_Grafico", "Cliente_Grafico.csproj", "{83F221A8-C3C6-402D-BC9D-F63BB7B395CD}"
EndProject
Global
	GlobalSection(SolutionConfigurationPlatforms) = preSolution
		Debug|Any CPU = Debug|Any CPU
		Release|Any CPU = Release|Any CPU
	EndGlobalSection
	GlobalSection(ProjectConfigurationPlatforms) = postSolution
		{83F221A8-C3C6-402D-BC9D-F63BB7B395CD}.Debug|Any CPU.ActiveCfg = Debug|Any CPU
		{83F221A8-C3C6-402D-BC9D-F63BB7B395CD}.Debug|Any CPU.Build.0 = Debug|Any CPU
		{83F221A8-C3C6-402D-BC9D-F63BB7B395CD}.Release|Any CPU.ActiveCfg = Release|Any CPU
		{83F221A8-C3C6-402D-BC9D-F63BB7B395CD}.Release|Any CPU.Build.0 = Release|Any CPU
	EndGlobalSection
	GlobalSection(SolutionProperties) = preSolution
		HideSolutionNode = FALSE
	EndGlobalSection
	GlobalSection(ExtensibilityGlobals) = postSolution
		SolutionGuid = {82E7B78B-AF7C-4E45-9049-AFB12755C581}
	EndGlobalSection
EndGlobal
